// !$*UTF8*$!
{
	archiveVersion = 1;
	classes = {
	};
	objectVersion = 46;
	objects = {

/* Begin PBXBuildFile section */
		9FBE0ED017FEEA74007C983B /* Foundation.framework in Frameworks */ = {isa = PBXBuildFile; fileRef = 9FBE0ECF17FEEA74007C983B /* Foundation.framework */; };
		9FBE0ED217FEEA74007C983B /* CoreGraphics.framework in Frameworks */ = {isa = PBXBuildFile; fileRef = 9FBE0ED117FEEA74007C983B /* CoreGraphics.framework */; };
		9FBE0ED417FEEA74007C983B /* UIKit.framework in Frameworks */ = {isa = PBXBuildFile; fileRef = 9FBE0ED317FEEA74007C983B /* UIKit.framework */; };
		9FBE0EDA17FEEA74007C983B /* InfoPlist.strings in Resources */ = {isa = PBXBuildFile; fileRef = 9FBE0ED817FEEA74007C983B /* InfoPlist.strings */; };
		9FBE0EDC17FEEA74007C983B /* main.m in Sources */ = {isa = PBXBuildFile; fileRef = 9FBE0EDB17FEEA74007C983B /* main.m */; };
		9FBE0EE017FEEA74007C983B /* KDAppDelegate.m in Sources */ = {isa = PBXBuildFile; fileRef = 9FBE0EDF17FEEA74007C983B /* KDAppDelegate.m */; };
		9FBE0EE317FEEA74007C983B /* Main.storyboard in Resources */ = {isa = PBXBuildFile; fileRef = 9FBE0EE117FEEA74007C983B /* Main.storyboard */; };
		9FBE0EE617FEEA74007C983B /* KDViewController.m in Sources */ = {isa = PBXBuildFile; fileRef = 9FBE0EE517FEEA74007C983B /* KDViewController.m */; };
		9FBE0EE817FEEA74007C983B /* Images.xcassets in Resources */ = {isa = PBXBuildFile; fileRef = 9FBE0EE717FEEA74007C983B /* Images.xcassets */; };
		9FBE0EEF17FEEA74007C983B /* XCTest.framework in Frameworks */ = {isa = PBXBuildFile; fileRef = 9FBE0EEE17FEEA74007C983B /* XCTest.framework */; };
		9FBE0EF017FEEA74007C983B /* Foundation.framework in Frameworks */ = {isa = PBXBuildFile; fileRef = 9FBE0ECF17FEEA74007C983B /* Foundation.framework */; };
		9FBE0EF117FEEA74007C983B /* UIKit.framework in Frameworks */ = {isa = PBXBuildFile; fileRef = 9FBE0ED317FEEA74007C983B /* UIKit.framework */; };
		9FBE0EF917FEEA74007C983B /* InfoPlist.strings in Resources */ = {isa = PBXBuildFile; fileRef = 9FBE0EF717FEEA74007C983B /* InfoPlist.strings */; };
		9FBE0EFB17FEEA74007C983B /* KadabraExampleTests.m in Sources */ = {isa = PBXBuildFile; fileRef = 9FBE0EFA17FEEA74007C983B /* KadabraExampleTests.m */; };
		9FBE0F1317FEEAC1007C983B /* libKadabra.a in Frameworks */ = {isa = PBXBuildFile; fileRef = 9FBE0F0E17FEEAB8007C983B /* libKadabra.a */; };
/* End PBXBuildFile section */

/* Begin PBXContainerItemProxy section */
		9FBE0EF217FEEA74007C983B /* PBXContainerItemProxy */ = {
			isa = PBXContainerItemProxy;
			containerPortal = 9FBE0EC417FEEA74007C983B /* Project object */;
			proxyType = 1;
			remoteGlobalIDString = 9FBE0ECB17FEEA74007C983B;
			remoteInfo = KadabraExample;
		};
		9FBE0F0D17FEEAB8007C983B /* PBXContainerItemProxy */ = {
			isa = PBXContainerItemProxy;
			containerPortal = 9FBE0F0817FEEAB8007C983B /* Kadabra.xcodeproj */;
			proxyType = 2;
			remoteGlobalIDString = 9FBE0E9A17FEE9BF007C983B;
			remoteInfo = Kadabra;
		};
		9FBE0F0F17FEEAB8007C983B /* PBXContainerItemProxy */ = {
			isa = PBXContainerItemProxy;
			containerPortal = 9FBE0F0817FEEAB8007C983B /* Kadabra.xcodeproj */;
			proxyType = 2;
			remoteGlobalIDString = 9FBE0EAA17FEE9BF007C983B;
			remoteInfo = KadabraTests;
		};
		9FBE0F1117FEEABE007C983B /* PBXContainerItemProxy */ = {
			isa = PBXContainerItemProxy;
			containerPortal = 9FBE0F0817FEEAB8007C983B /* Kadabra.xcodeproj */;
			proxyType = 1;
			remoteGlobalIDString = 9FBE0E9917FEE9BF007C983B;
			remoteInfo = Kadabra;
		};
/* End PBXContainerItemProxy section */

/* Begin PBXFileReference section */
		9FBE0ECC17FEEA74007C983B /* KadabraExample.app */ = {isa = PBXFileReference; explicitFileType = wrapper.application; includeInIndex = 0; path = KadabraExample.app; sourceTree = BUILT_PRODUCTS_DIR; };
		9FBE0ECF17FEEA74007C983B /* Foundation.framework */ = {isa = PBXFileReference; lastKnownFileType = wrapper.framework; name = Foundation.framework; path = System/Library/Frameworks/Foundation.framework; sourceTree = SDKROOT; };
		9FBE0ED117FEEA74007C983B /* CoreGraphics.framework */ = {isa = PBXFileReference; lastKnownFileType = wrapper.framework; name = CoreGraphics.framework; path = System/Library/Frameworks/CoreGraphics.framework; sourceTree = SDKROOT; };
		9FBE0ED317FEEA74007C983B /* UIKit.framework */ = {isa = PBXFileReference; lastKnownFileType = wrapper.framework; name = UIKit.framework; path = System/Library/Frameworks/UIKit.framework; sourceTree = SDKROOT; };
		9FBE0ED717FEEA74007C983B /* KadabraExample-Info.plist */ = {isa = PBXFileReference; lastKnownFileType = text.plist.xml; path = "KadabraExample-Info.plist"; sourceTree = "<group>"; };
		9FBE0ED917FEEA74007C983B /* en */ = {isa = PBXFileReference; lastKnownFileType = text.plist.strings; name = en; path = en.lproj/InfoPlist.strings; sourceTree = "<group>"; };
		9FBE0EDB17FEEA74007C983B /* main.m */ = {isa = PBXFileReference; lastKnownFileType = sourcecode.c.objc; path = main.m; sourceTree = "<group>"; };
		9FBE0EDD17FEEA74007C983B /* KadabraExample-Prefix.pch */ = {isa = PBXFileReference; lastKnownFileType = sourcecode.c.h; path = "KadabraExample-Prefix.pch"; sourceTree = "<group>"; };
		9FBE0EDE17FEEA74007C983B /* KDAppDelegate.h */ = {isa = PBXFileReference; lastKnownFileType = sourcecode.c.h; path = KDAppDelegate.h; sourceTree = "<group>"; };
		9FBE0EDF17FEEA74007C983B /* KDAppDelegate.m */ = {isa = PBXFileReference; lastKnownFileType = sourcecode.c.objc; path = KDAppDelegate.m; sourceTree = "<group>"; };
		9FBE0EE217FEEA74007C983B /* Base */ = {isa = PBXFileReference; lastKnownFileType = file.storyboard; name = Base; path = Base.lproj/Main.storyboard; sourceTree = "<group>"; };
		9FBE0EE417FEEA74007C983B /* KDViewController.h */ = {isa = PBXFileReference; lastKnownFileType = sourcecode.c.h; path = KDViewController.h; sourceTree = "<group>"; };
		9FBE0EE517FEEA74007C983B /* KDViewController.m */ = {isa = PBXFileReference; lastKnownFileType = sourcecode.c.objc; path = KDViewController.m; sourceTree = "<group>"; };
		9FBE0EE717FEEA74007C983B /* Images.xcassets */ = {isa = PBXFileReference; lastKnownFileType = folder.assetcatalog; path = Images.xcassets; sourceTree = "<group>"; };
		9FBE0EED17FEEA74007C983B /* KadabraExampleTests.xctest */ = {isa = PBXFileReference; explicitFileType = wrapper.cfbundle; includeInIndex = 0; path = KadabraExampleTests.xctest; sourceTree = BUILT_PRODUCTS_DIR; };
		9FBE0EEE17FEEA74007C983B /* XCTest.framework */ = {isa = PBXFileReference; lastKnownFileType = wrapper.framework; name = XCTest.framework; path = Library/Frameworks/XCTest.framework; sourceTree = DEVELOPER_DIR; };
		9FBE0EF617FEEA74007C983B /* KadabraExampleTests-Info.plist */ = {isa = PBXFileReference; lastKnownFileType = text.plist.xml; path = "KadabraExampleTests-Info.plist"; sourceTree = "<group>"; };
		9FBE0EF817FEEA74007C983B /* en */ = {isa = PBXFileReference; lastKnownFileType = text.plist.strings; name = en; path = en.lproj/InfoPlist.strings; sourceTree = "<group>"; };
		9FBE0EFA17FEEA74007C983B /* KadabraExampleTests.m */ = {isa = PBXFileReference; lastKnownFileType = sourcecode.c.objc; path = KadabraExampleTests.m; sourceTree = "<group>"; };
		9FBE0F0817FEEAB8007C983B /* Kadabra.xcodeproj */ = {isa = PBXFileReference; lastKnownFileType = "wrapper.pb-project"; name = Kadabra.xcodeproj; path = ../Kadabra/Kadabra.xcodeproj; sourceTree = "<group>"; };
/* End PBXFileReference section */

/* Begin PBXFrameworksBuildPhase section */
		9FBE0EC917FEEA74007C983B /* Frameworks */ = {
			isa = PBXFrameworksBuildPhase;
			buildActionMask = 2147483647;
			files = (
				9FBE0F1317FEEAC1007C983B /* libKadabra.a in Frameworks */,
				9FBE0ED217FEEA74007C983B /* CoreGraphics.framework in Frameworks */,
				9FBE0ED417FEEA74007C983B /* UIKit.framework in Frameworks */,
				9FBE0ED017FEEA74007C983B /* Foundation.framework in Frameworks */,
			);
			runOnlyForDeploymentPostprocessing = 0;
		};
		9FBE0EEA17FEEA74007C983B /* Frameworks */ = {
			isa = PBXFrameworksBuildPhase;
			buildActionMask = 2147483647;
			files = (
				9FBE0EEF17FEEA74007C983B /* XCTest.framework in Frameworks */,
				9FBE0EF117FEEA74007C983B /* UIKit.framework in Frameworks */,
				9FBE0EF017FEEA74007C983B /* Foundation.framework in Frameworks */,
			);
			runOnlyForDeploymentPostprocessing = 0;
		};
/* End PBXFrameworksBuildPhase section */

/* Begin PBXGroup section */
		9FBE0EC317FEEA74007C983B = {
			isa = PBXGroup;
			children = (
				9FBE0ED517FEEA74007C983B /* KadabraExample */,
				9FBE0EF417FEEA74007C983B /* KadabraExampleTests */,
				9FBE0ECE17FEEA74007C983B /* Frameworks */,
				9FBE0ECD17FEEA74007C983B /* Products */,
			);
			sourceTree = "<group>";
		};
		9FBE0ECD17FEEA74007C983B /* Products */ = {
			isa = PBXGroup;
			children = (
				9FBE0ECC17FEEA74007C983B /* KadabraExample.app */,
				9FBE0EED17FEEA74007C983B /* KadabraExampleTests.xctest */,
			);
			name = Products;
			sourceTree = "<group>";
		};
		9FBE0ECE17FEEA74007C983B /* Frameworks */ = {
			isa = PBXGroup;
			children = (
				9FBE0ECF17FEEA74007C983B /* Foundation.framework */,
				9FBE0ED117FEEA74007C983B /* CoreGraphics.framework */,
				9FBE0ED317FEEA74007C983B /* UIKit.framework */,
				9FBE0EEE17FEEA74007C983B /* XCTest.framework */,
			);
			name = Frameworks;
			sourceTree = "<group>";
		};
		9FBE0ED517FEEA74007C983B /* KadabraExample */ = {
			isa = PBXGroup;
			children = (
				9FBE0EDE17FEEA74007C983B /* KDAppDelegate.h */,
				9FBE0EDF17FEEA74007C983B /* KDAppDelegate.m */,
				9FBE0EE117FEEA74007C983B /* Main.storyboard */,
				9FBE0EE417FEEA74007C983B /* KDViewController.h */,
				9FBE0EE517FEEA74007C983B /* KDViewController.m */,
				9FBE0EE717FEEA74007C983B /* Images.xcassets */,
				9FBE0F0417FEEA80007C983B /* lib */,
				9FBE0ED617FEEA74007C983B /* Supporting Files */,
			);
			path = KadabraExample;
			sourceTree = "<group>";
		};
		9FBE0ED617FEEA74007C983B /* Supporting Files */ = {
			isa = PBXGroup;
			children = (
				9FBE0ED717FEEA74007C983B /* KadabraExample-Info.plist */,
				9FBE0ED817FEEA74007C983B /* InfoPlist.strings */,
				9FBE0EDB17FEEA74007C983B /* main.m */,
				9FBE0EDD17FEEA74007C983B /* KadabraExample-Prefix.pch */,
			);
			name = "Supporting Files";
			sourceTree = "<group>";
		};
		9FBE0EF417FEEA74007C983B /* KadabraExampleTests */ = {
			isa = PBXGroup;
			children = (
				9FBE0EFA17FEEA74007C983B /* KadabraExampleTests.m */,
				9FBE0EF517FEEA74007C983B /* Supporting Files */,
			);
			path = KadabraExampleTests;
			sourceTree = "<group>";
		};
		9FBE0EF517FEEA74007C983B /* Supporting Files */ = {
			isa = PBXGroup;
			children = (
				9FBE0EF617FEEA74007C983B /* KadabraExampleTests-Info.plist */,
				9FBE0EF717FEEA74007C983B /* InfoPlist.strings */,
			);
			name = "Supporting Files";
			sourceTree = "<group>";
		};
		9FBE0F0417FEEA80007C983B /* lib */ = {
			isa = PBXGroup;
			children = (
				9FBE0F0817FEEAB8007C983B /* Kadabra.xcodeproj */,
			);
			name = lib;
			path = ..;
			sourceTree = "<group>";
		};
		9FBE0F0917FEEAB8007C983B /* Products */ = {
			isa = PBXGroup;
			children = (
				9FBE0F0E17FEEAB8007C983B /* libKadabra.a */,
				9FBE0F1017FEEAB8007C983B /* KadabraTests.xctest */,
			);
			name = Products;
			sourceTree = "<group>";
		};
/* End PBXGroup section */

/* Begin PBXNativeTarget section */
		9FBE0ECB17FEEA74007C983B /* KadabraExample */ = {
			isa = PBXNativeTarget;
			buildConfigurationList = 9FBE0EFE17FEEA74007C983B /* Build configuration list for PBXNativeTarget "KadabraExample" */;
			buildPhases = (
				9FBE0EC817FEEA74007C983B /* Sources */,
				9FBE0EC917FEEA74007C983B /* Frameworks */,
				9FBE0ECA17FEEA74007C983B /* Resources */,
			);
			buildRules = (
			);
			dependencies = (
				9FBE0F1217FEEABE007C983B /* PBXTargetDependency */,
			);
			name = KadabraExample;
			productName = KadabraExample;
			productReference = 9FBE0ECC17FEEA74007C983B /* KadabraExample.app */;
			productType = "com.apple.product-type.application";
		};
		9FBE0EEC17FEEA74007C983B /* KadabraExampleTests */ = {
			isa = PBXNativeTarget;
			buildConfigurationList = 9FBE0F0117FEEA74007C983B /* Build configuration list for PBXNativeTarget "KadabraExampleTests" */;
			buildPhases = (
				9FBE0EE917FEEA74007C983B /* Sources */,
				9FBE0EEA17FEEA74007C983B /* Frameworks */,
				9FBE0EEB17FEEA74007C983B /* Resources */,
			);
			buildRules = (
			);
			dependencies = (
				9FBE0EF317FEEA74007C983B /* PBXTargetDependency */,
			);
			name = KadabraExampleTests;
			productName = KadabraExampleTests;
			productReference = 9FBE0EED17FEEA74007C983B /* KadabraExampleTests.xctest */;
			productType = "com.apple.product-type.bundle.unit-test";
		};
/* End PBXNativeTarget section */

/* Begin PBXProject section */
		9FBE0EC417FEEA74007C983B /* Project object */ = {
			isa = PBXProject;
			attributes = {
				CLASSPREFIX = KD;
				LastUpgradeCheck = 0500;
				ORGANIZATIONNAME = "Thomas Ricouard";
				TargetAttributes = {
					9FBE0EEC17FEEA74007C983B = {
						TestTargetID = 9FBE0ECB17FEEA74007C983B;
					};
				};
			};
			buildConfigurationList = 9FBE0EC717FEEA74007C983B /* Build configuration list for PBXProject "KadabraExample" */;
			compatibilityVersion = "Xcode 3.2";
			developmentRegion = English;
			hasScannedForEncodings = 0;
			knownRegions = (
				en,
				Base,
			);
			mainGroup = 9FBE0EC317FEEA74007C983B;
			productRefGroup = 9FBE0ECD17FEEA74007C983B /* Products */;
			projectDirPath = "";
			projectReferences = (
				{
					ProductGroup = 9FBE0F0917FEEAB8007C983B /* Products */;
					ProjectRef = 9FBE0F0817FEEAB8007C983B /* Kadabra.xcodeproj */;
				},
			);
			projectRoot = "";
			targets = (
				9FBE0ECB17FEEA74007C983B /* KadabraExample */,
				9FBE0EEC17FEEA74007C983B /* KadabraExampleTests */,
			);
		};
/* End PBXProject section */

/* Begin PBXReferenceProxy section */
		9FBE0F0E17FEEAB8007C983B /* libKadabra.a */ = {
			isa = PBXReferenceProxy;
			fileType = archive.ar;
			path = libKadabra.a;
			remoteRef = 9FBE0F0D17FEEAB8007C983B /* PBXContainerItemProxy */;
			sourceTree = BUILT_PRODUCTS_DIR;
		};
		9FBE0F1017FEEAB8007C983B /* KadabraTests.xctest */ = {
			isa = PBXReferenceProxy;
			fileType = wrapper.cfbundle;
			path = KadabraTests.xctest;
			remoteRef = 9FBE0F0F17FEEAB8007C983B /* PBXContainerItemProxy */;
			sourceTree = BUILT_PRODUCTS_DIR;
		};
/* End PBXReferenceProxy section */

/* Begin PBXResourcesBuildPhase section */
		9FBE0ECA17FEEA74007C983B /* Resources */ = {
			isa = PBXResourcesBuildPhase;
			buildActionMask = 2147483647;
			files = (
				9FBE0EE817FEEA74007C983B /* Images.xcassets in Resources */,
				9FBE0EDA17FEEA74007C983B /* InfoPlist.strings in Resources */,
				9FBE0EE317FEEA74007C983B /* Main.storyboard in Resources */,
			);
			runOnlyForDeploymentPostprocessing = 0;
		};
		9FBE0EEB17FEEA74007C983B /* Resources */ = {
			isa = PBXResourcesBuildPhase;
			buildActionMask = 2147483647;
			files = (
				9FBE0EF917FEEA74007C983B /* InfoPlist.strings in Resources */,
			);
			runOnlyForDeploymentPostprocessing = 0;
		};
/* End PBXResourcesBuildPhase section */

/* Begin PBXSourcesBuildPhase section */
		9FBE0EC817FEEA74007C983B /* Sources */ = {
			isa = PBXSourcesBuildPhase;
			buildActionMask = 2147483647;
			files = (
				9FBE0EE617FEEA74007C983B /* KDViewController.m in Sources */,
				9FBE0EDC17FEEA74007C983B /* main.m in Sources */,
				9FBE0EE017FEEA74007C983B /* KDAppDelegate.m in Sources */,
			);
			runOnlyForDeploymentPostprocessing = 0;
		};
		9FBE0EE917FEEA74007C983B /* Sources */ = {
			isa = PBXSourcesBuildPhase;
			buildActionMask = 2147483647;
			files = (
				9FBE0EFB17FEEA74007C983B /* KadabraExampleTests.m in Sources */,
			);
			runOnlyForDeploymentPostprocessing = 0;
		};
/* End PBXSourcesBuildPhase section */

/* Begin PBXTargetDependency section */
		9FBE0EF317FEEA74007C983B /* PBXTargetDependency */ = {
			isa = PBXTargetDependency;
			target = 9FBE0ECB17FEEA74007C983B /* KadabraExample */;
			targetProxy = 9FBE0EF217FEEA74007C983B /* PBXContainerItemProxy */;
		};
		9FBE0F1217FEEABE007C983B /* PBXTargetDependency */ = {
			isa = PBXTargetDependency;
			name = Kadabra;
			targetProxy = 9FBE0F1117FEEABE007C983B /* PBXContainerItemProxy */;
		};
/* End PBXTargetDependency section */

/* Begin PBXVariantGroup section */
		9FBE0ED817FEEA74007C983B /* InfoPlist.strings */ = {
			isa = PBXVariantGroup;
			children = (
				9FBE0ED917FEEA74007C983B /* en */,
			);
			name = InfoPlist.strings;
			sourceTree = "<group>";
		};
		9FBE0EE117FEEA74007C983B /* Main.storyboard */ = {
			isa = PBXVariantGroup;
			children = (
				9FBE0EE217FEEA74007C983B /* Base */,
			);
			name = Main.storyboard;
			sourceTree = "<group>";
		};
		9FBE0EF717FEEA74007C983B /* InfoPlist.strings */ = {
			isa = PBXVariantGroup;
			children = (
				9FBE0EF817FEEA74007C983B /* en */,
			);
			name = InfoPlist.strings;
			sourceTree = "<group>";
		};
/* End PBXVariantGroup section */

/* Begin XCBuildConfiguration section */
		9FBE0EFC17FEEA74007C983B /* Debug */ = {
			isa = XCBuildConfiguration;
			buildSettings = {
				ALWAYS_SEARCH_USER_PATHS = NO;
				ARCHS = "$(ARCHS_STANDARD_INCLUDING_64_BIT)";
				CLANG_CXX_LANGUAGE_STANDARD = "gnu++0x";
				CLANG_CXX_LIBRARY = "libc++";
				CLANG_ENABLE_MODULES = YES;
				CLANG_ENABLE_OBJC_ARC = YES;
				CLANG_WARN_BOOL_CONVERSION = YES;
				CLANG_WARN_CONSTANT_CONVERSION = YES;
				CLANG_WARN_DIRECT_OBJC_ISA_USAGE = YES_ERROR;
				CLANG_WARN_EMPTY_BODY = YES;
				CLANG_WARN_ENUM_CONVERSION = YES;
				CLANG_WARN_INT_CONVERSION = YES;
				CLANG_WARN_OBJC_ROOT_CLASS = YES_ERROR;
				CLANG_WARN__DUPLICATE_METHOD_MATCH = YES;
				"CODE_SIGN_IDENTITY[sdk=iphoneos*]" = "iPhone Developer";
				COPY_PHASE_STRIP = NO;
				GCC_C_LANGUAGE_STANDARD = gnu99;
				GCC_DYNAMIC_NO_PIC = NO;
				GCC_OPTIMIZATION_LEVEL = 0;
				GCC_PREPROCESSOR_DEFINITIONS = (
					"DEBUG=1",
					"$(inherited)",
				);
				GCC_SYMBOLS_PRIVATE_EXTERN = NO;
				GCC_WARN_64_TO_32_BIT_CONVERSION = YES;
				GCC_WARN_ABOUT_RETURN_TYPE = YES_ERROR;
				GCC_WARN_UNDECLARED_SELECTOR = YES;
				GCC_WARN_UNINITIALIZED_AUTOS = YES;
				GCC_WARN_UNUSED_FUNCTION = YES;
				GCC_WARN_UNUSED_VARIABLE = YES;
				IPHONEOS_DEPLOYMENT_TARGET = 7.0;
				ONLY_ACTIVE_ARCH = YES;
				SDKROOT = iphoneos;
			};
			name = Debug;
		};
		9FBE0EFD17FEEA74007C983B /* Release */ = {
			isa = XCBuildConfiguration;
			buildSettings = {
				ALWAYS_SEARCH_USER_PATHS = NO;
				ARCHS = "$(ARCHS_STANDARD_INCLUDING_64_BIT)";
				CLANG_CXX_LANGUAGE_STANDARD = "gnu++0x";
				CLANG_CXX_LIBRARY = "libc++";
				CLANG_ENABLE_MODULES = YES;
				CLANG_ENABLE_OBJC_ARC = YES;
				CLANG_WARN_BOOL_CONVERSION = YES;
				CLANG_WARN_CONSTANT_CONVERSION = YES;
				CLANG_WARN_DIRECT_OBJC_ISA_USAGE = YES_ERROR;
				CLANG_WARN_EMPTY_BODY = YES;
				CLANG_WARN_ENUM_CONVERSION = YES;
				CLANG_WARN_INT_CONVERSION = YES;
				CLANG_WARN_OBJC_ROOT_CLASS = YES_ERROR;
				CLANG_WARN__DUPLICATE_METHOD_MATCH = YES;
				"CODE_SIGN_IDENTITY[sdk=iphoneos*]" = "iPhone Developer";
				COPY_PHASE_STRIP = YES;
				ENABLE_NS_ASSERTIONS = NO;
				GCC_C_LANGUAGE_STANDARD = gnu99;
				GCC_WARN_64_TO_32_BIT_CONVERSION = YES;
				GCC_WARN_ABOUT_RETURN_TYPE = YES_ERROR;
				GCC_WARN_UNDECLARED_SELECTOR = YES;
				GCC_WARN_UNINITIALIZED_AUTOS = YES;
				GCC_WARN_UNUSED_FUNCTION = YES;
				GCC_WARN_UNUSED_VARIABLE = YES;
				IPHONEOS_DEPLOYMENT_TARGET = 7.0;
				SDKROOT = iphoneos;
				VALIDATE_PRODUCT = YES;
			};
			name = Release;
		};
		9FBE0EFF17FEEA74007C983B /* Debug */ = {
			isa = XCBuildConfiguration;
			buildSettings = {
				ALWAYS_SEARCH_USER_PATHS = YES;
				ASSETCATALOG_COMPILER_APPICON_NAME = AppIcon;
				ASSETCATALOG_COMPILER_LAUNCHIMAGE_NAME = LaunchImage;
				GCC_PRECOMPILE_PREFIX_HEADER = YES;
				GCC_PREFIX_HEADER = "KadabraExample/KadabraExample-Prefix.pch";
				HEADER_SEARCH_PATHS = (
					"$(inherited)",
					/Applications/Xcode.app/Contents/Developer/Toolchains/XcodeDefault.xctoolchain/usr/include,
					"\"$(SRCROOT)/..\"",
				);
				INFOPLIST_FILE = "KadabraExample/KadabraExample-Info.plist";
				PRODUCT_NAME = "$(TARGET_NAME)";
				USER_HEADER_SEARCH_PATHS = "$(PROJECT_TEMP_DIR)/../UninstalledProducts/include";
				WRAPPER_EXTENSION = app;
			};
			name = Debug;
		};
		9FBE0F0017FEEA74007C983B /* Release */ = {
			isa = XCBuildConfiguration;
			buildSettings = {
				ALWAYS_SEARCH_USER_PATHS = YES;
				ASSETCATALOG_COMPILER_APPICON_NAME = AppIcon;
				ASSETCATALOG_COMPILER_LAUNCHIMAGE_NAME = LaunchImage;
				GCC_PRECOMPILE_PREFIX_HEADER = YES;
				GCC_PREFIX_HEADER = "KadabraExample/KadabraExample-Prefix.pch";
				HEADER_SEARCH_PATHS = (
					"$(inherited)",
					/Applications/Xcode.app/Contents/Developer/Toolchains/XcodeDefault.xctoolchain/usr/include,
					"\"$(SRCROOT)/..\"",
				);
				INFOPLIST_FILE = "KadabraExample/KadabraExample-Info.plist";
				PRODUCT_NAME = "$(TARGET_NAME)";
				USER_HEADER_SEARCH_PATHS = "$(PROJECT_TEMP_DIR)/../UninstalledProducts/include";
				WRAPPER_EXTENSION = app;
			};
			name = Release;
		};
		9FBE0F0217FEEA74007C983B /* Debug */ = {
			isa = XCBuildConfiguration;
			buildSettings = {
				ARCHS = "$(ARCHS_STANDARD_INCLUDING_64_BIT)";
				BUNDLE_LOADER = "$(BUILT_PRODUCTS_DIR)/KadabraExample.app/KadabraExample";
				FRAMEWORK_SEARCH_PATHS = (
					"$(SDKROOT)/Developer/Library/Frameworks",
					"$(inherited)",
					"$(DEVELOPER_FRAMEWORKS_DIR)",
				);
				GCC_PRECOMPILE_PREFIX_HEADER = YES;
				GCC_PREFIX_HEADER = "KadabraExample/KadabraExample-Prefix.pch";
				GCC_PREPROCESSOR_DEFINITIONS = (
					"DEBUG=1",
					"$(inherited)",
				);
				INFOPLIST_FILE = "KadabraExampleTests/KadabraExampleTests-Info.plist";
				PRODUCT_NAME = "$(TARGET_NAME)";
				TEST_HOST = "$(BUNDLE_LOADER)";
				WRAPPER_EXTENSION = xctest;
			};
			name = Debug;
		};
		9FBE0F0317FEEA74007C983B /* Release */ = {
			isa = XCBuildConfiguration;
			buildSettings = {
				ARCHS = "$(ARCHS_STANDARD_INCLUDING_64_BIT)";
				BUNDLE_LOADER = "$(BUILT_PRODUCTS_DIR)/KadabraExample.app/KadabraExample";
				FRAMEWORK_SEARCH_PATHS = (
					"$(SDKROOT)/Developer/Library/Frameworks",
					"$(inherited)",
					"$(DEVELOPER_FRAMEWORKS_DIR)",
				);
				GCC_PRECOMPILE_PREFIX_HEADER = YES;
				GCC_PREFIX_HEADER = "KadabraExample/KadabraExample-Prefix.pch";
				INFOPLIST_FILE = "KadabraExampleTests/KadabraExampleTests-Info.plist";
				PRODUCT_NAME = "$(TARGET_NAME)";
				TEST_HOST = "$(BUNDLE_LOADER)";
				WRAPPER_EXTENSION = xctest;
			};
			name = Release;
		};
/* End XCBuildConfiguration section */

/* Begin XCConfigurationList section */
		9FBE0EC717FEEA74007C983B /* Build configuration list for PBXProject "KadabraExample" */ = {
			isa = XCConfigurationList;
			buildConfigurations = (
				9FBE0EFC17FEEA74007C983B /* Debug */,
				9FBE0EFD17FEEA74007C983B /* Release */,
			);
			defaultConfigurationIsVisible = 0;
			defaultConfigurationName = Release;
		};
		9FBE0EFE17FEEA74007C983B /* Build configuration list for PBXNativeTarget "KadabraExample" */ = {
			isa = XCConfigurationList;
			buildConfigurations = (
				9FBE0EFF17FEEA74007C983B /* Debug */,
				9FBE0F0017FEEA74007C983B /* Release */,
			);
			defaultConfigurationIsVisible = 0;
			defaultConfigurationName = Release;
		};
		9FBE0F0117FEEA74007C983B /* Build configuration list for PBXNativeTarget "KadabraExampleTests" */ = {
			isa = XCConfigurationList;
			buildConfigurations = (
				9FBE0F0217FEEA74007C983B /* Debug */,
				9FBE0F0317FEEA74007C983B /* Release */,
			);
			defaultConfigurationIsVisible = 0;
			defaultConfigurationName = Release;
		};
/* End XCConfigurationList section */
	};
	rootObject = 9FBE0EC417FEEA74007C983B /* Project object */;
}
